
Microsoft Visual Studio Solution File, Format Version 12.00
# Visual Studio Version 17
VisualStudioVersion = 17.5.33414.496
MinimumVisualStudioVersion = 10.0.40219.1
Project("{9A19103F-16F7-4668-BE54-9A1E7A4F7556}") = "MLModelSentimentAnalysis", "MLModelSentimentAnalysis.csproj", "{9EDD817C-6956-4D8B-A640-E6C4664A9737}"
EndProject
Project("{9A19103F-16F7-4668-BE54-9A1E7A4F7556}") = "Natural Language Processing", "..\Natural Language Processing\Natural Language Processing.csproj", "{B3F2DC07-1067-4335-8035-153CFE72A76B}"
EndProject
Global
	GlobalSection(SolutionConfigurationPlatforms) = preSolution
		Debug|Any CPU = Debug|Any CPU
		Release|Any CPU = Release|Any CPU
	EndGlobalSection
	GlobalSection(ProjectConfigurationPlatforms) = postSolution
		{9EDD817C-6956-4D8B-A640-E6C4664A9737}.Debug|Any CPU.ActiveCfg = Debug|Any CPU
		{9EDD817C-6956-4D8B-A640-E6C4664A9737}.Debug|Any CPU.Build.0 = Debug|Any CPU
		{9EDD817C-6956-4D8B-A640-E6C4664A9737}.Release|Any CPU.ActiveCfg = Release|Any CPU
		{9EDD817C-6956-4D8B-A640-E6C4664A9737}.Release|Any CPU.Build.0 = Release|Any CPU
		{B3F2DC07-1067-4335-8035-153CFE72A76B}.Debug|Any CPU.ActiveCfg = Debug|Any CPU
		{B3F2DC07-1067-4335-8035-153CFE72A76B}.Debug|Any CPU.Build.0 = Debug|Any CPU
		{B3F2DC07-1067-4335-8035-153CFE72A76B}.Release|Any CPU.ActiveCfg = Release|Any CPU
		{B3F2DC07-1067-4335-8035-153CFE72A76B}.Release|Any CPU.Build.0 = Release|Any CPU
	EndGlobalSection
	GlobalSection(SolutionProperties) = preSolution
		HideSolutionNode = FALSE
	EndGlobalSection
	GlobalSection(ExtensibilityGlobals) = postSolution
		SolutionGuid = {332EB049-284F-442D-9EA5-E37D15C16A60}
	EndGlobalSection
EndGlobal
